
Microsoft Visual Studio Solution File, Format Version 11.00
# Visual Studio 2010
Project("{2150E333-8FDC-42A3-9474-1A3956D46DE8}") = "examples", "examples", "{F089C7BF-9DD3-4A33-A430-AB877F75E323}"
EndProject
Project("{2150E333-8FDC-42A3-9474-1A3956D46DE8}") = "libs", "libs", "{03C49B5E-F29C-4F7E-B871-72BD6D7D4C3B}"
EndProject
Project("{8BC9CEB8-8B4A-11D0-8D11-00A0C91BC942}") = "recls.core", "projects\core\vc10\recls.core.vcxproj", "{DEE56C7D-F9C8-4099-8E7E-33EB397CC2FB}"
EndProject
Project("{2150E333-8FDC-42A3-9474-1A3956D46DE8}") = "Solution Items", "Solution Items", "{AD08C587-5F73-4144-ACE9-7282169536E9}"
EndProject
Project("{2150E333-8FDC-42A3-9474-1A3956D46DE8}") = "projects", "projects", "{787F9EBD-9E69-49D3-8C64-0A5291B3EAD1}"
EndProject
Project("{2150E333-8FDC-42A3-9474-1A3956D46DE8}") = "vcprops", "vcprops", "{32721009-EC01-419F-BFB6-A017272B40C5}"
	ProjectSection(SolutionItems) = preProject
		projects\vcprops\recls.common.props = projects\vcprops\recls.common.props
		projects\vcprops\recls.example.props = projects\vcprops\recls.example.props
		projects\vcprops\recls.no-PCH.props = projects\vcprops\recls.no-PCH.props
		projects\vcprops\recls.test.Catch.props = projects\vcprops\recls.test.Catch.props
		projects\vcprops\recls.test.common.props = projects\vcprops\recls.test.common.props
		projects\vcprops\recls.test.component.props = projects\vcprops\recls.test.component.props
		projects\vcprops\recls.test.scratch.props = projects\vcprops\recls.test.scratch.props
		projects\vcprops\recls.test.unit.props = projects\vcprops\recls.test.unit.props
		projects\vcprops\recls.test.xTests.props = projects\vcprops\recls.test.xTests.props
	EndProjectSection
EndProject
Project("{2150E333-8FDC-42A3-9474-1A3956D46DE8}") = "test", "test", "{0A74A981-4078-4E04-844E-5BCE9BDF655B}"
EndProject
Project("{2150E333-8FDC-42A3-9474-1A3956D46DE8}") = "component", "component", "{FD022BEA-4F2A-417C-80A4-8ACA0797325C}"
EndProject
Project("{8BC9CEB8-8B4A-11D0-8D11-00A0C91BC942}") = "test.component.util.cpp.create_directory", "test\component\test.component.util.cpp.create_directory\vc10\test.component.util.cpp.create_directory.vcxproj", "{D7421D45-37AE-43EC-9F1F-FD8C134F23E4}"
	ProjectSection(ProjectDependencies) = postProject
		{DEE56C7D-F9C8-4099-8E7E-33EB397CC2FB} = {DEE56C7D-F9C8-4099-8E7E-33EB397CC2FB}
	EndProjectSection
EndProject
Project("{8BC9CEB8-8B4A-11D0-8D11-00A0C91BC942}") = "test.component.util.cpp.remove_directory", "test\component\test.component.util.cpp.remove_directory\vc10\test.component.util.cpp.remove_directory.vcxproj", "{740298FC-6D58-4DE5-BF22-39895F5E9659}"
	ProjectSection(ProjectDependencies) = postProject
		{DEE56C7D-F9C8-4099-8E7E-33EB397CC2FB} = {DEE56C7D-F9C8-4099-8E7E-33EB397CC2FB}
	EndProjectSection
EndProject
Project("{2150E333-8FDC-42A3-9474-1A3956D46DE8}") = "scratch", "scratch", "{1FB80BDC-D2C0-462A-A36B-3D4D5D0411E1}"
EndProject
Project("{8BC9CEB8-8B4A-11D0-8D11-00A0C91BC942}") = "test.scratch.cpp_api", "test\scratch\test.scratch.cpp_api\vc10\test.scratch.cpp_api.vcxproj", "{2A769492-01D2-497E-B65A-5A6D497787BE}"
	ProjectSection(ProjectDependencies) = postProject
		{DEE56C7D-F9C8-4099-8E7E-33EB397CC2FB} = {DEE56C7D-F9C8-4099-8E7E-33EB397CC2FB}
	EndProjectSection
EndProject
Project("{8BC9CEB8-8B4A-11D0-8D11-00A0C91BC942}") = "test.scratch.links", "test\scratch\test.scratch.links\vc10\test.scratch.links.vcxproj", "{E9D0A9C4-7D9C-4EC7-9473-DD6F3398479C}"
	ProjectSection(ProjectDependencies) = postProject
		{DEE56C7D-F9C8-4099-8E7E-33EB397CC2FB} = {DEE56C7D-F9C8-4099-8E7E-33EB397CC2FB}
	EndProjectSection
EndProject
Project("{8BC9CEB8-8B4A-11D0-8D11-00A0C91BC942}") = "test.scratch.search.1", "test\scratch\test.scratch.search.1\vc10\test.scratch.search.1.vcxproj", "{5AE53C0D-126E-41F9-96C9-D58B8BEC7B85}"
	ProjectSection(ProjectDependencies) = postProject
		{DEE56C7D-F9C8-4099-8E7E-33EB397CC2FB} = {DEE56C7D-F9C8-4099-8E7E-33EB397CC2FB}
	EndProjectSection
EndProject
Project("{2150E333-8FDC-42A3-9474-1A3956D46DE8}") = "unit", "unit", "{17B99003-A5AD-4790-99AA-9069F0FB6EB7}"
EndProject
Project("{8BC9CEB8-8B4A-11D0-8D11-00A0C91BC942}") = "test.unit.api.combine_paths", "test\unit\test.unit.api.combine_paths\vc10\test.unit.api.combine_paths.vcxproj", "{63D2E8E2-4301-472A-BCBF-56A298D721F7}"
	ProjectSection(ProjectDependencies) = postProject
		{DEE56C7D-F9C8-4099-8E7E-33EB397CC2FB} = {DEE56C7D-F9C8-4099-8E7E-33EB397CC2FB}
	EndProjectSection
EndProject
Project("{8BC9CEB8-8B4A-11D0-8D11-00A0C91BC942}") = "test.unit.api.createdirectory", "test\unit\test.unit.api.createdirectory\vc10\test.unit.api.createdirectory.vcxproj", "{56B5C7E1-B828-4A75-9DDD-D91E4B8FA3CA}"
	ProjectSection(ProjectDependencies) = postProject
		{DEE56C7D-F9C8-4099-8E7E-33EB397CC2FB} = {DEE56C7D-F9C8-4099-8E7E-33EB397CC2FB}
	EndProjectSection
EndProject
Project("{8BC9CEB8-8B4A-11D0-8D11-00A0C91BC942}") = "test.unit.api.squeeze_path", "test\unit\test.unit.api.squeeze_path\vc10\test.unit.api.squeeze_path.vcxproj", "{14DCFC93-C5F0-4BFA-8E34-B9ACA6FAD578}"
	ProjectSection(ProjectDependencies) = postProject
		{DEE56C7D-F9C8-4099-8E7E-33EB397CC2FB} = {DEE56C7D-F9C8-4099-8E7E-33EB397CC2FB}
	EndProjectSection
EndProject
Project("{8BC9CEB8-8B4A-11D0-8D11-00A0C91BC942}") = "test.unit.api.stat", "test\unit\test.unit.api.stat\vc10\test.unit.api.stat.vcxproj", "{AA8CDAA4-EB75-47AC-B0BB-AADF2D4B332B}"
	ProjectSection(ProjectDependencies) = postProject
		{DEE56C7D-F9C8-4099-8E7E-33EB397CC2FB} = {DEE56C7D-F9C8-4099-8E7E-33EB397CC2FB}
	EndProjectSection
EndProject
Project("{8BC9CEB8-8B4A-11D0-8D11-00A0C91BC942}") = "test.unit.c.retcodes", "test\unit\test.unit.c.retcodes\vc10\test.unit.c.retcodes.vcxproj", "{6732DC64-3857-4A8A-8A0E-0EB36EBC3063}"
	ProjectSection(ProjectDependencies) = postProject
		{DEE56C7D-F9C8-4099-8E7E-33EB397CC2FB} = {DEE56C7D-F9C8-4099-8E7E-33EB397CC2FB}
	EndProjectSection
EndProject
Project("{8BC9CEB8-8B4A-11D0-8D11-00A0C91BC942}") = "test.unit.cpp.combine_paths", "test\unit\test.unit.cpp.combine_paths\vc10\test.unit.cpp.combine_paths.vcxproj", "{3228CB11-2101-4709-9737-95AE3893F1C7}"
	ProjectSection(ProjectDependencies) = postProject
		{DEE56C7D-F9C8-4099-8E7E-33EB397CC2FB} = {DEE56C7D-F9C8-4099-8E7E-33EB397CC2FB}
	EndProjectSection
EndProject
Project("{8BC9CEB8-8B4A-11D0-8D11-00A0C91BC942}") = "test.unit.cpp.derive_relative_path", "test\unit\test.unit.cpp.derive_relative_path\vc10\test.unit.cpp.derive_relative_path.vcxproj", "{060A3B82-6468-44E0-981A-B4D35E178126}"
	ProjectSection(ProjectDependencies) = postProject
		{DEE56C7D-F9C8-4099-8E7E-33EB397CC2FB} = {DEE56C7D-F9C8-4099-8E7E-33EB397CC2FB}
	EndProjectSection
EndProject
Project("{8BC9CEB8-8B4A-11D0-8D11-00A0C91BC942}") = "test.unit.cpp.retcodes", "test\unit\test.unit.cpp.retcodes\vc10\test.unit.cpp.retcodes.vcxproj", "{3F74B372-9713-4223-88BC-34186EECB1CD}"
	ProjectSection(ProjectDependencies) = postProject
		{DEE56C7D-F9C8-4099-8E7E-33EB397CC2FB} = {DEE56C7D-F9C8-4099-8E7E-33EB397CC2FB}
	EndProjectSection
EndProject
Project("{8BC9CEB8-8B4A-11D0-8D11-00A0C91BC942}") = "test.unit.cpp.squeeze_path", "test\unit\test.unit.cpp.squeeze_path\vc10\test.unit.cpp.squeeze_path.vcxproj", "{1F12CE67-8B7B-42F0-9D80-9AC9CBD06AB8}"
	ProjectSection(ProjectDependencies) = postProject
		{DEE56C7D-F9C8-4099-8E7E-33EB397CC2FB} = {DEE56C7D-F9C8-4099-8E7E-33EB397CC2FB}
	EndProjectSection
EndProject
Project("{2150E333-8FDC-42A3-9474-1A3956D46DE8}") = "_internal", "_internal", "{D33BF019-8C21-4A71-B85F-9A7F9192E567}"
EndProject
Project("{2150E333-8FDC-42A3-9474-1A3956D46DE8}") = "dist-src", "dist-src", "{E1E1448A-99CD-4572-B63C-5707185E53F8}"
	ProjectSection(SolutionItems) = preProject
		_internal\dist-src\AUTHORS.txt = _internal\dist-src\AUTHORS.txt
		_internal\dist-src\CHANGES.txt = _internal\dist-src\CHANGES.txt
		_internal\dist-src\FAQ.txt = _internal\dist-src\FAQ.txt
		_internal\dist-src\HISTORY.txt = _internal\dist-src\HISTORY.txt
		_internal\dist-src\INSTALL.txt = _internal\dist-src\INSTALL.txt
		_internal\dist-src\LICENSE.txt = _internal\dist-src\LICENSE.txt
		_internal\dist-src\NEWS.txt = _internal\dist-src\NEWS.txt
		_internal\dist-src\README.txt = _internal\dist-src\README.txt
		_internal\dist-src\TODO.txt = _internal\dist-src\TODO.txt
	EndProjectSection
EndProject
Global
	GlobalSection(SolutionConfigurationPlatforms) = preSolution
		Debug Multithreaded DLL|Win32 = Debug Multithreaded DLL|Win32
		Debug Multithreaded DLL|x64 = Debug Multithreaded DLL|x64
		Debug Multithreaded pseudoUnix|Win32 = Debug Multithreaded pseudoUnix|Win32
		Debug Multithreaded pseudoUnix|x64 = Debug Multithreaded pseudoUnix|x64
		Debug Multithreaded|Win32 = Debug Multithreaded|Win32
		Debug Multithreaded|x64 = Debug Multithreaded|x64
		Release Multithreaded DLL|Win32 = Release Multithreaded DLL|Win32
		Release Multithreaded DLL|x64 = Release Multithreaded DLL|x64
		Release Multithreaded pseudoUnix|Win32 = Release Multithreaded pseudoUnix|Win32
		Release Multithreaded pseudoUnix|x64 = Release Multithreaded pseudoUnix|x64
		Release Multithreaded|Win32 = Release Multithreaded|Win32
		Release Multithreaded|x64 = Release Multithreaded|x64
		Unicode Debug Multithreaded|Win32 = Unicode Debug Multithreaded|Win32
		Unicode Debug Multithreaded|x64 = Unicode Debug Multithreaded|x64
		Unicode Release Multithreaded|Win32 = Unicode Release Multithreaded|Win32
		Unicode Release Multithreaded|x64 = Unicode Release Multithreaded|x64
	EndGlobalSection
	GlobalSection(ProjectConfigurationPlatforms) = postSolution
		{DEE56C7D-F9C8-4099-8E7E-33EB397CC2FB}.Debug Multithreaded DLL|Win32.ActiveCfg = Debug Multithreaded DLL|Win32
		{DEE56C7D-F9C8-4099-8E7E-33EB397CC2FB}.Debug Multithreaded DLL|Win32.Build.0 = Debug Multithreaded DLL|Win32
		{DEE56C7D-F9C8-4099-8E7E-33EB397CC2FB}.Debug Multithreaded DLL|x64.ActiveCfg = Debug Multithreaded DLL|x64
		{DEE56C7D-F9C8-4099-8E7E-33EB397CC2FB}.Debug Multithreaded DLL|x64.Build.0 = Debug Multithreaded DLL|x64
		{DEE56C7D-F9C8-4099-8E7E-33EB397CC2FB}.Debug Multithreaded pseudoUnix|Win32.ActiveCfg = Debug Multithreaded pseudoUnix|Win32
		{DEE56C7D-F9C8-4099-8E7E-33EB397CC2FB}.Debug Multithreaded pseudoUnix|Win32.Build.0 = Debug Multithreaded pseudoUnix|Win32
		{DEE56C7D-F9C8-4099-8E7E-33EB397CC2FB}.Debug Multithreaded pseudoUnix|x64.ActiveCfg = Debug Multithreaded pseudoUnix|x64
		{DEE56C7D-F9C8-4099-8E7E-33EB397CC2FB}.Debug Multithreaded pseudoUnix|x64.Build.0 = Debug Multithreaded pseudoUnix|x64
		{DEE56C7D-F9C8-4099-8E7E-33EB397CC2FB}.Debug Multithreaded|Win32.ActiveCfg = Debug Multithreaded|Win32
		{DEE56C7D-F9C8-4099-8E7E-33EB397CC2FB}.Debug Multithreaded|Win32.Build.0 = Debug Multithreaded|Win32
		{DEE56C7D-F9C8-4099-8E7E-33EB397CC2FB}.Debug Multithreaded|x64.ActiveCfg = Debug Multithreaded|x64
		{DEE56C7D-F9C8-4099-8E7E-33EB397CC2FB}.Debug Multithreaded|x64.Build.0 = Debug Multithreaded|x64
		{DEE56C7D-F9C8-4099-8E7E-33EB397CC2FB}.Release Multithreaded DLL|Win32.ActiveCfg = Release Multithreaded DLL|Win32
		{DEE56C7D-F9C8-4099-8E7E-33EB397CC2FB}.Release Multithreaded DLL|Win32.Build.0 = Release Multithreaded DLL|Win32
		{DEE56C7D-F9C8-4099-8E7E-33EB397CC2FB}.Release Multithreaded DLL|x64.ActiveCfg = Release Multithreaded DLL|x64
		{DEE56C7D-F9C8-4099-8E7E-33EB397CC2FB}.Release Multithreaded DLL|x64.Build.0 = Release Multithreaded DLL|x64
		{DEE56C7D-F9C8-4099-8E7E-33EB397CC2FB}.Release Multithreaded pseudoUnix|Win32.ActiveCfg = Release Multithreaded pseudoUnix|Win32
		{DEE56C7D-F9C8-4099-8E7E-33EB397CC2FB}.Release Multithreaded pseudoUnix|Win32.Build.0 = Release Multithreaded pseudoUnix|Win32
		{DEE56C7D-F9C8-4099-8E7E-33EB397CC2FB}.Release Multithreaded pseudoUnix|x64.ActiveCfg = Release Multithreaded pseudoUnix|x64
		{DEE56C7D-F9C8-4099-8E7E-33EB397CC2FB}.Release Multithreaded pseudoUnix|x64.Build.0 = Release Multithreaded pseudoUnix|x64
		{DEE56C7D-F9C8-4099-8E7E-33EB397CC2FB}.Release Multithreaded|Win32.ActiveCfg = Release Multithreaded|Win32
		{DEE56C7D-F9C8-4099-8E7E-33EB397CC2FB}.Release Multithreaded|Win32.Build.0 = Release Multithreaded|Win32
		{DEE56C7D-F9C8-4099-8E7E-33EB397CC2FB}.Release Multithreaded|x64.ActiveCfg = Release Multithreaded|x64
		{DEE56C7D-F9C8-4099-8E7E-33EB397CC2FB}.Release Multithreaded|x64.Build.0 = Release Multithreaded|x64
		{DEE56C7D-F9C8-4099-8E7E-33EB397CC2FB}.Unicode Debug Multithreaded|Win32.ActiveCfg = Unicode Debug Multithreaded|Win32
		{DEE56C7D-F9C8-4099-8E7E-33EB397CC2FB}.Unicode Debug Multithreaded|Win32.Build.0 = Unicode Debug Multithreaded|Win32
		{DEE56C7D-F9C8-4099-8E7E-33EB397CC2FB}.Unicode Debug Multithreaded|x64.ActiveCfg = Unicode Debug Multithreaded|x64
		{DEE56C7D-F9C8-4099-8E7E-33EB397CC2FB}.Unicode Debug Multithreaded|x64.Build.0 = Unicode Debug Multithreaded|x64
		{DEE56C7D-F9C8-4099-8E7E-33EB397CC2FB}.Unicode Release Multithreaded|Win32.ActiveCfg = Unicode Release Multithreaded|Win32
		{DEE56C7D-F9C8-4099-8E7E-33EB397CC2FB}.Unicode Release Multithreaded|Win32.Build.0 = Unicode Release Multithreaded|Win32
		{DEE56C7D-F9C8-4099-8E7E-33EB397CC2FB}.Unicode Release Multithreaded|x64.ActiveCfg = Unicode Release Multithreaded|x64
		{DEE56C7D-F9C8-4099-8E7E-33EB397CC2FB}.Unicode Release Multithreaded|x64.Build.0 = Unicode Release Multithreaded|x64
		{D7421D45-37AE-43EC-9F1F-FD8C134F23E4}.Debug Multithreaded DLL|Win32.ActiveCfg = Debug Multithreaded DLL|Win32
		{D7421D45-37AE-43EC-9F1F-FD8C134F23E4}.Debug Multithreaded DLL|Win32.Build.0 = Debug Multithreaded DLL|Win32
		{D7421D45-37AE-43EC-9F1F-FD8C134F23E4}.Debug Multithreaded DLL|x64.ActiveCfg = Debug Multithreaded DLL|x64
		{D7421D45-37AE-43EC-9F1F-FD8C134F23E4}.Debug Multithreaded DLL|x64.Build.0 = Debug Multithreaded DLL|x64
		{D7421D45-37AE-43EC-9F1F-FD8C134F23E4}.Debug Multithreaded pseudoUnix|Win32.ActiveCfg = Debug Multithreaded pseudoUnix|Win32
		{D7421D45-37AE-43EC-9F1F-FD8C134F23E4}.Debug Multithreaded pseudoUnix|Win32.Build.0 = Debug Multithreaded pseudoUnix|Win32
		{D7421D45-37AE-43EC-9F1F-FD8C134F23E4}.Debug Multithreaded pseudoUnix|x64.ActiveCfg = Debug Multithreaded pseudoUnix|x64
		{D7421D45-37AE-43EC-9F1F-FD8C134F23E4}.Debug Multithreaded pseudoUnix|x64.Build.0 = Debug Multithreaded pseudoUnix|x64
		{D7421D45-37AE-43EC-9F1F-FD8C134F23E4}.Debug Multithreaded|Win32.ActiveCfg = Debug Multithreaded|Win32
		{D7421D45-37AE-43EC-9F1F-FD8C134F23E4}.Debug Multithreaded|Win32.Build.0 = Debug Multithreaded|Win32
		{D7421D45-37AE-43EC-9F1F-FD8C134F23E4}.Debug Multithreaded|x64.ActiveCfg = Debug Multithreaded|x64
		{D7421D45-37AE-43EC-9F1F-FD8C134F23E4}.Debug Multithreaded|x64.Build.0 = Debug Multithreaded|x64
		{D7421D45-37AE-43EC-9F1F-FD8C134F23E4}.Release Multithreaded DLL|Win32.ActiveCfg = Release Multithreaded DLL|Win32
		{D7421D45-37AE-43EC-9F1F-FD8C134F23E4}.Release Multithreaded DLL|Win32.Build.0 = Release Multithreaded DLL|Win32
		{D7421D45-37AE-43EC-9F1F-FD8C134F23E4}.Release Multithreaded DLL|x64.ActiveCfg = Release Multithreaded DLL|x64
		{D7421D45-37AE-43EC-9F1F-FD8C134F23E4}.Release Multithreaded DLL|x64.Build.0 = Release Multithreaded DLL|x64
		{D7421D45-37AE-43EC-9F1F-FD8C134F23E4}.Release Multithreaded pseudoUnix|Win32.ActiveCfg = Release Multithreaded pseudoUnix|Win32
		{D7421D45-37AE-43EC-9F1F-FD8C134F23E4}.Release Multithreaded pseudoUnix|Win32.Build.0 = Release Multithreaded pseudoUnix|Win32
		{D7421D45-37AE-43EC-9F1F-FD8C134F23E4}.Release Multithreaded pseudoUnix|x64.ActiveCfg = Release Multithreaded pseudoUnix|x64
		{D7421D45-37AE-43EC-9F1F-FD8C134F23E4}.Release Multithreaded pseudoUnix|x64.Build.0 = Release Multithreaded pseudoUnix|x64
		{D7421D45-37AE-43EC-9F1F-FD8C134F23E4}.Release Multithreaded|Win32.ActiveCfg = Release Multithreaded|Win32
		{D7421D45-37AE-43EC-9F1F-FD8C134F23E4}.Release Multithreaded|Win32.Build.0 = Release Multithreaded|Win32
		{D7421D45-37AE-43EC-9F1F-FD8C134F23E4}.Release Multithreaded|x64.ActiveCfg = Release Multithreaded|x64
		{D7421D45-37AE-43EC-9F1F-FD8C134F23E4}.Release Multithreaded|x64.Build.0 = Release Multithreaded|x64
		{D7421D45-37AE-43EC-9F1F-FD8C134F23E4}.Unicode Debug Multithreaded|Win32.ActiveCfg = Unicode Debug Multithreaded|Win32
		{D7421D45-37AE-43EC-9F1F-FD8C134F23E4}.Unicode Debug Multithreaded|Win32.Build.0 = Unicode Debug Multithreaded|Win32
		{D7421D45-37AE-43EC-9F1F-FD8C134F23E4}.Unicode Debug Multithreaded|x64.ActiveCfg = Unicode Debug Multithreaded|x64
		{D7421D45-37AE-43EC-9F1F-FD8C134F23E4}.Unicode Debug Multithreaded|x64.Build.0 = Unicode Debug Multithreaded|x64
		{D7421D45-37AE-43EC-9F1F-FD8C134F23E4}.Unicode Release Multithreaded|Win32.ActiveCfg = Unicode Release Multithreaded|Win32
		{D7421D45-37AE-43EC-9F1F-FD8C134F23E4}.Unicode Release Multithreaded|Win32.Build.0 = Unicode Release Multithreaded|Win32
		{D7421D45-37AE-43EC-9F1F-FD8C134F23E4}.Unicode Release Multithreaded|x64.ActiveCfg = Unicode Release Multithreaded|x64
		{D7421D45-37AE-43EC-9F1F-FD8C134F23E4}.Unicode Release Multithreaded|x64.Build.0 = Unicode Release Multithreaded|x64
		{740298FC-6D58-4DE5-BF22-39895F5E9659}.Debug Multithreaded DLL|Win32.ActiveCfg = Debug Multithreaded DLL|Win32
		{740298FC-6D58-4DE5-BF22-39895F5E9659}.Debug Multithreaded DLL|Win32.Build.0 = Debug Multithreaded DLL|Win32
		{740298FC-6D58-4DE5-BF22-39895F5E9659}.Debug Multithreaded DLL|x64.ActiveCfg = Debug Multithreaded DLL|x64
		{740298FC-6D58-4DE5-BF22-39895F5E9659}.Debug Multithreaded DLL|x64.Build.0 = Debug Multithreaded DLL|x64
		{740298FC-6D58-4DE5-BF22-39895F5E9659}.Debug Multithreaded pseudoUnix|Win32.ActiveCfg = Debug Multithreaded pseudoUnix|Win32
		{740298FC-6D58-4DE5-BF22-39895F5E9659}.Debug Multithreaded pseudoUnix|Win32.Build.0 = Debug Multithreaded pseudoUnix|Win32
		{740298FC-6D58-4DE5-BF22-39895F5E9659}.Debug Multithreaded pseudoUnix|x64.ActiveCfg = Debug Multithreaded pseudoUnix|x64
		{740298FC-6D58-4DE5-BF22-39895F5E9659}.Debug Multithreaded pseudoUnix|x64.Build.0 = Debug Multithreaded pseudoUnix|x64
		{740298FC-6D58-4DE5-BF22-39895F5E9659}.Debug Multithreaded|Win32.ActiveCfg = Debug Multithreaded|Win32
		{740298FC-6D58-4DE5-BF22-39895F5E9659}.Debug Multithreaded|Win32.Build.0 = Debug Multithreaded|Win32
		{740298FC-6D58-4DE5-BF22-39895F5E9659}.Debug Multithreaded|x64.ActiveCfg = Debug Multithreaded|x64
		{740298FC-6D58-4DE5-BF22-39895F5E9659}.Debug Multithreaded|x64.Build.0 = Debug Multithreaded|x64
		{740298FC-6D58-4DE5-BF22-39895F5E9659}.Release Multithreaded DLL|Win32.ActiveCfg = Release Multithreaded DLL|Win32
		{740298FC-6D58-4DE5-BF22-39895F5E9659}.Release Multithreaded DLL|Win32.Build.0 = Release Multithreaded DLL|Win32
		{740298FC-6D58-4DE5-BF22-39895F5E9659}.Release Multithreaded DLL|x64.ActiveCfg = Release Multithreaded DLL|x64
		{740298FC-6D58-4DE5-BF22-39895F5E9659}.Release Multithreaded DLL|x64.Build.0 = Release Multithreaded DLL|x64
		{740298FC-6D58-4DE5-BF22-39895F5E9659}.Release Multithreaded pseudoUnix|Win32.ActiveCfg = Release Multithreaded pseudoUnix|Win32
		{740298FC-6D58-4DE5-BF22-39895F5E9659}.Release Multithreaded pseudoUnix|Win32.Build.0 = Release Multithreaded pseudoUnix|Win32
		{740298FC-6D58-4DE5-BF22-39895F5E9659}.Release Multithreaded pseudoUnix|x64.ActiveCfg = Release Multithreaded pseudoUnix|x64
		{740298FC-6D58-4DE5-BF22-39895F5E9659}.Release Multithreaded pseudoUnix|x64.Build.0 = Release Multithreaded pseudoUnix|x64
		{740298FC-6D58-4DE5-BF22-39895F5E9659}.Release Multithreaded|Win32.ActiveCfg = Release Multithreaded|Win32
		{740298FC-6D58-4DE5-BF22-39895F5E9659}.Release Multithreaded|Win32.Build.0 = Release Multithreaded|Win32
		{740298FC-6D58-4DE5-BF22-39895F5E9659}.Release Multithreaded|x64.ActiveCfg = Release Multithreaded|x64
		{740298FC-6D58-4DE5-BF22-39895F5E9659}.Release Multithreaded|x64.Build.0 = Release Multithreaded|x64
		{740298FC-6D58-4DE5-BF22-39895F5E9659}.Unicode Debug Multithreaded|Win32.ActiveCfg = Unicode Debug Multithreaded|Win32
		{740298FC-6D58-4DE5-BF22-39895F5E9659}.Unicode Debug Multithreaded|Win32.Build.0 = Unicode Debug Multithreaded|Win32
		{740298FC-6D58-4DE5-BF22-39895F5E9659}.Unicode Debug Multithreaded|x64.ActiveCfg = Unicode Debug Multithreaded|x64
		{740298FC-6D58-4DE5-BF22-39895F5E9659}.Unicode Debug Multithreaded|x64.Build.0 = Unicode Debug Multithreaded|x64
		{740298FC-6D58-4DE5-BF22-39895F5E9659}.Unicode Release Multithreaded|Win32.ActiveCfg = Unicode Release Multithreaded|Win32
		{740298FC-6D58-4DE5-BF22-39895F5E9659}.Unicode Release Multithreaded|Win32.Build.0 = Unicode Release Multithreaded|Win32
		{740298FC-6D58-4DE5-BF22-39895F5E9659}.Unicode Release Multithreaded|x64.ActiveCfg = Unicode Release Multithreaded|x64
		{740298FC-6D58-4DE5-BF22-39895F5E9659}.Unicode Release Multithreaded|x64.Build.0 = Unicode Release Multithreaded|x64
		{2A769492-01D2-497E-B65A-5A6D497787BE}.Debug Multithreaded DLL|Win32.ActiveCfg = Debug Multithreaded DLL|Win32
		{2A769492-01D2-497E-B65A-5A6D497787BE}.Debug Multithreaded DLL|Win32.Build.0 = Debug Multithreaded DLL|Win32
		{2A769492-01D2-497E-B65A-5A6D497787BE}.Debug Multithreaded DLL|x64.ActiveCfg = Debug Multithreaded DLL|x64
		{2A769492-01D2-497E-B65A-5A6D497787BE}.Debug Multithreaded DLL|x64.Build.0 = Debug Multithreaded DLL|x64
		{2A769492-01D2-497E-B65A-5A6D497787BE}.Debug Multithreaded pseudoUnix|Win32.ActiveCfg = Debug Multithreaded pseudoUnix|Win32
		{2A769492-01D2-497E-B65A-5A6D497787BE}.Debug Multithreaded pseudoUnix|Win32.Build.0 = Debug Multithreaded pseudoUnix|Win32
		{2A769492-01D2-497E-B65A-5A6D497787BE}.Debug Multithreaded pseudoUnix|x64.ActiveCfg = Debug Multithreaded pseudoUnix|x64
		{2A769492-01D2-497E-B65A-5A6D497787BE}.Debug Multithreaded pseudoUnix|x64.Build.0 = Debug Multithreaded pseudoUnix|x64
		{2A769492-01D2-497E-B65A-5A6D497787BE}.Debug Multithreaded|Win32.ActiveCfg = Debug Multithreaded|Win32
		{2A769492-01D2-497E-B65A-5A6D497787BE}.Debug Multithreaded|Win32.Build.0 = Debug Multithreaded|Win32
		{2A769492-01D2-497E-B65A-5A6D497787BE}.Debug Multithreaded|x64.ActiveCfg = Debug Multithreaded|x64
		{2A769492-01D2-497E-B65A-5A6D497787BE}.Debug Multithreaded|x64.Build.0 = Debug Multithreaded|x64
		{2A769492-01D2-497E-B65A-5A6D497787BE}.Release Multithreaded DLL|Win32.ActiveCfg = Release Multithreaded DLL|Win32
		{2A769492-01D2-497E-B65A-5A6D497787BE}.Release Multithreaded DLL|Win32.Build.0 = Release Multithreaded DLL|Win32
		{2A769492-01D2-497E-B65A-5A6D497787BE}.Release Multithreaded DLL|x64.ActiveCfg = Release Multithreaded DLL|x64
		{2A769492-01D2-497E-B65A-5A6D497787BE}.Release Multithreaded DLL|x64.Build.0 = Release Multithreaded DLL|x64
		{2A769492-01D2-497E-B65A-5A6D497787BE}.Release Multithreaded pseudoUnix|Win32.ActiveCfg = Release Multithreaded pseudoUnix|Win32
		{2A769492-01D2-497E-B65A-5A6D497787BE}.Release Multithreaded pseudoUnix|Win32.Build.0 = Release Multithreaded pseudoUnix|Win32
		{2A769492-01D2-497E-B65A-5A6D497787BE}.Release Multithreaded pseudoUnix|x64.ActiveCfg = Release Multithreaded pseudoUnix|x64
		{2A769492-01D2-497E-B65A-5A6D497787BE}.Release Multithreaded pseudoUnix|x64.Build.0 = Release Multithreaded pseudoUnix|x64
		{2A769492-01D2-497E-B65A-5A6D497787BE}.Release Multithreaded|Win32.ActiveCfg = Release Multithreaded|Win32
		{2A769492-01D2-497E-B65A-5A6D497787BE}.Release Multithreaded|Win32.Build.0 = Release Multithreaded|Win32
		{2A769492-01D2-497E-B65A-5A6D497787BE}.Release Multithreaded|x64.ActiveCfg = Release Multithreaded|x64
		{2A769492-01D2-497E-B65A-5A6D497787BE}.Release Multithreaded|x64.Build.0 = Release Multithreaded|x64
		{2A769492-01D2-497E-B65A-5A6D497787BE}.Unicode Debug Multithreaded|Win32.ActiveCfg = Unicode Debug Multithreaded|Win32
		{2A769492-01D2-497E-B65A-5A6D497787BE}.Unicode Debug Multithreaded|Win32.Build.0 = Unicode Debug Multithreaded|Win32
		{2A769492-01D2-497E-B65A-5A6D497787BE}.Unicode Debug Multithreaded|x64.ActiveCfg = Unicode Debug Multithreaded|x64
		{2A769492-01D2-497E-B65A-5A6D497787BE}.Unicode Debug Multithreaded|x64.Build.0 = Unicode Debug Multithreaded|x64
		{2A769492-01D2-497E-B65A-5A6D497787BE}.Unicode Release Multithreaded|Win32.ActiveCfg = Unicode Release Multithreaded|Win32
		{2A769492-01D2-497E-B65A-5A6D497787BE}.Unicode Release Multithreaded|Win32.Build.0 = Unicode Release Multithreaded|Win32
		{2A769492-01D2-497E-B65A-5A6D497787BE}.Unicode Release Multithreaded|x64.ActiveCfg = Unicode Release Multithreaded|x64
		{2A769492-01D2-497E-B65A-5A6D497787BE}.Unicode Release Multithreaded|x64.Build.0 = Unicode Release Multithreaded|x64
		{E9D0A9C4-7D9C-4EC7-9473-DD6F3398479C}.Debug Multithreaded DLL|Win32.ActiveCfg = Debug Multithreaded DLL|Win32
		{E9D0A9C4-7D9C-4EC7-9473-DD6F3398479C}.Debug Multithreaded DLL|Win32.Build.0 = Debug Multithreaded DLL|Win32
		{E9D0A9C4-7D9C-4EC7-9473-DD6F3398479C}.Debug Multithreaded DLL|x64.ActiveCfg = Debug Multithreaded DLL|x64
		{E9D0A9C4-7D9C-4EC7-9473-DD6F3398479C}.Debug Multithreaded DLL|x64.Build.0 = Debug Multithreaded DLL|x64
		{E9D0A9C4-7D9C-4EC7-9473-DD6F3398479C}.Debug Multithreaded pseudoUnix|Win32.ActiveCfg = Debug Multithreaded pseudoUnix|Win32
		{E9D0A9C4-7D9C-4EC7-9473-DD6F3398479C}.Debug Multithreaded pseudoUnix|Win32.Build.0 = Debug Multithreaded pseudoUnix|Win32
		{E9D0A9C4-7D9C-4EC7-9473-DD6F3398479C}.Debug Multithreaded pseudoUnix|x64.ActiveCfg = Debug Multithreaded pseudoUnix|x64
		{E9D0A9C4-7D9C-4EC7-9473-DD6F3398479C}.Debug Multithreaded pseudoUnix|x64.Build.0 = Debug Multithreaded pseudoUnix|x64
		{E9D0A9C4-7D9C-4EC7-9473-DD6F3398479C}.Debug Multithreaded|Win32.ActiveCfg = Debug Multithreaded|Win32
		{E9D0A9C4-7D9C-4EC7-9473-DD6F3398479C}.Debug Multithreaded|Win32.Build.0 = Debug Multithreaded|Win32
		{E9D0A9C4-7D9C-4EC7-9473-DD6F3398479C}.Debug Multithreaded|x64.ActiveCfg = Debug Multithreaded|x64
		{E9D0A9C4-7D9C-4EC7-9473-DD6F3398479C}.Debug Multithreaded|x64.Build.0 = Debug Multithreaded|x64
		{E9D0A9C4-7D9C-4EC7-9473-DD6F3398479C}.Release Multithreaded DLL|Win32.ActiveCfg = Release Multithreaded DLL|Win32
		{E9D0A9C4-7D9C-4EC7-9473-DD6F3398479C}.Release Multithreaded DLL|Win32.Build.0 = Release Multithreaded DLL|Win32
		{E9D0A9C4-7D9C-4EC7-9473-DD6F3398479C}.Release Multithreaded DLL|x64.ActiveCfg = Release Multithreaded DLL|x64
		{E9D0A9C4-7D9C-4EC7-9473-DD6F3398479C}.Release Multithreaded DLL|x64.Build.0 = Release Multithreaded DLL|x64
		{E9D0A9C4-7D9C-4EC7-9473-DD6F3398479C}.Release Multithreaded pseudoUnix|Win32.ActiveCfg = Release Multithreaded pseudoUnix|Win32
		{E9D0A9C4-7D9C-4EC7-9473-DD6F3398479C}.Release Multithreaded pseudoUnix|Win32.Build.0 = Release Multithreaded pseudoUnix|Win32
		{E9D0A9C4-7D9C-4EC7-9473-DD6F3398479C}.Release Multithreaded pseudoUnix|x64.ActiveCfg = Release Multithreaded pseudoUnix|x64
		{E9D0A9C4-7D9C-4EC7-9473-DD6F3398479C}.Release Multithreaded pseudoUnix|x64.Build.0 = Release Multithreaded pseudoUnix|x64
		{E9D0A9C4-7D9C-4EC7-9473-DD6F3398479C}.Release Multithreaded|Win32.ActiveCfg = Release Multithreaded|Win32
		{E9D0A9C4-7D9C-4EC7-9473-DD6F3398479C}.Release Multithreaded|Win32.Build.0 = Release Multithreaded|Win32
		{E9D0A9C4-7D9C-4EC7-9473-DD6F3398479C}.Release Multithreaded|x64.ActiveCfg = Release Multithreaded|x64
		{E9D0A9C4-7D9C-4EC7-9473-DD6F3398479C}.Release Multithreaded|x64.Build.0 = Release Multithreaded|x64
		{E9D0A9C4-7D9C-4EC7-9473-DD6F3398479C}.Unicode Debug Multithreaded|Win32.ActiveCfg = Unicode Debug Multithreaded|Win32
		{E9D0A9C4-7D9C-4EC7-9473-DD6F3398479C}.Unicode Debug Multithreaded|Win32.Build.0 = Unicode Debug Multithreaded|Win32
		{E9D0A9C4-7D9C-4EC7-9473-DD6F3398479C}.Unicode Debug Multithreaded|x64.ActiveCfg = Unicode Debug Multithreaded|x64
		{E9D0A9C4-7D9C-4EC7-9473-DD6F3398479C}.Unicode Debug Multithreaded|x64.Build.0 = Unicode Debug Multithreaded|x64
		{E9D0A9C4-7D9C-4EC7-9473-DD6F3398479C}.Unicode Release Multithreaded|Win32.ActiveCfg = Unicode Release Multithreaded|Win32
		{E9D0A9C4-7D9C-4EC7-9473-DD6F3398479C}.Unicode Release Multithreaded|Win32.Build.0 = Unicode Release Multithreaded|Win32
		{E9D0A9C4-7D9C-4EC7-9473-DD6F3398479C}.Unicode Release Multithreaded|x64.ActiveCfg = Unicode Release Multithreaded|x64
		{E9D0A9C4-7D9C-4EC7-9473-DD6F3398479C}.Unicode Release Multithreaded|x64.Build.0 = Unicode Release Multithreaded|x64
		{5AE53C0D-126E-41F9-96C9-D58B8BEC7B85}.Debug Multithreaded DLL|Win32.ActiveCfg = Debug Multithreaded DLL|Win32
		{5AE53C0D-126E-41F9-96C9-D58B8BEC7B85}.Debug Multithreaded DLL|Win32.Build.0 = Debug Multithreaded DLL|Win32
		{5AE53C0D-126E-41F9-96C9-D58B8BEC7B85}.Debug Multithreaded DLL|x64.ActiveCfg = Debug Multithreaded DLL|x64
		{5AE53C0D-126E-41F9-96C9-D58B8BEC7B85}.Debug Multithreaded DLL|x64.Build.0 = Debug Multithreaded DLL|x64
		{5AE53C0D-126E-41F9-96C9-D58B8BEC7B85}.Debug Multithreaded pseudoUnix|Win32.ActiveCfg = Debug Multithreaded pseudoUnix|Win32
		{5AE53C0D-126E-41F9-96C9-D58B8BEC7B85}.Debug Multithreaded pseudoUnix|Win32.Build.0 = Debug Multithreaded pseudoUnix|Win32
		{5AE53C0D-126E-41F9-96C9-D58B8BEC7B85}.Debug Multithreaded pseudoUnix|x64.ActiveCfg = Debug Multithreaded pseudoUnix|x64
		{5AE53C0D-126E-41F9-96C9-D58B8BEC7B85}.Debug Multithreaded pseudoUnix|x64.Build.0 = Debug Multithreaded pseudoUnix|x64
		{5AE53C0D-126E-41F9-96C9-D58B8BEC7B85}.Debug Multithreaded|Win32.ActiveCfg = Debug Multithreaded|Win32
		{5AE53C0D-126E-41F9-96C9-D58B8BEC7B85}.Debug Multithreaded|Win32.Build.0 = Debug Multithreaded|Win32
		{5AE53C0D-126E-41F9-96C9-D58B8BEC7B85}.Debug Multithreaded|x64.ActiveCfg = Debug Multithreaded|x64
		{5AE53C0D-126E-41F9-96C9-D58B8BEC7B85}.Debug Multithreaded|x64.Build.0 = Debug Multithreaded|x64
		{5AE53C0D-126E-41F9-96C9-D58B8BEC7B85}.Release Multithreaded DLL|Win32.ActiveCfg = Release Multithreaded DLL|Win32
		{5AE53C0D-126E-41F9-96C9-D58B8BEC7B85}.Release Multithreaded DLL|Win32.Build.0 = Release Multithreaded DLL|Win32
		{5AE53C0D-126E-41F9-96C9-D58B8BEC7B85}.Release Multithreaded DLL|x64.ActiveCfg = Release Multithreaded DLL|x64
		{5AE53C0D-126E-41F9-96C9-D58B8BEC7B85}.Release Multithreaded DLL|x64.Build.0 = Release Multithreaded DLL|x64
		{5AE53C0D-126E-41F9-96C9-D58B8BEC7B85}.Release Multithreaded pseudoUnix|Win32.ActiveCfg = Release Multithreaded pseudoUnix|Win32
		{5AE53C0D-126E-41F9-96C9-D58B8BEC7B85}.Release Multithreaded pseudoUnix|Win32.Build.0 = Release Multithreaded pseudoUnix|Win32
		{5AE53C0D-126E-41F9-96C9-D58B8BEC7B85}.Release Multithreaded pseudoUnix|x64.ActiveCfg = Release Multithreaded pseudoUnix|x64
		{5AE53C0D-126E-41F9-96C9-D58B8BEC7B85}.Release Multithreaded pseudoUnix|x64.Build.0 = Release Multithreaded pseudoUnix|x64
		{5AE53C0D-126E-41F9-96C9-D58B8BEC7B85}.Release Multithreaded|Win32.ActiveCfg = Release Multithreaded|Win32
		{5AE53C0D-126E-41F9-96C9-D58B8BEC7B85}.Release Multithreaded|Win32.Build.0 = Release Multithreaded|Win32
		{5AE53C0D-126E-41F9-96C9-D58B8BEC7B85}.Release Multithreaded|x64.ActiveCfg = Release Multithreaded|x64
		{5AE53C0D-126E-41F9-96C9-D58B8BEC7B85}.Release Multithreaded|x64.Build.0 = Release Multithreaded|x64
		{5AE53C0D-126E-41F9-96C9-D58B8BEC7B85}.Unicode Debug Multithreaded|Win32.ActiveCfg = Unicode Debug Multithreaded|Win32
		{5AE53C0D-126E-41F9-96C9-D58B8BEC7B85}.Unicode Debug Multithreaded|Win32.Build.0 = Unicode Debug Multithreaded|Win32
		{5AE53C0D-126E-41F9-96C9-D58B8BEC7B85}.Unicode Debug Multithreaded|x64.ActiveCfg = Unicode Debug Multithreaded|x64
		{5AE53C0D-126E-41F9-96C9-D58B8BEC7B85}.Unicode Debug Multithreaded|x64.Build.0 = Unicode Debug Multithreaded|x64
		{5AE53C0D-126E-41F9-96C9-D58B8BEC7B85}.Unicode Release Multithreaded|Win32.ActiveCfg = Unicode Release Multithreaded|Win32
		{5AE53C0D-126E-41F9-96C9-D58B8BEC7B85}.Unicode Release Multithreaded|Win32.Build.0 = Unicode Release Multithreaded|Win32
		{5AE53C0D-126E-41F9-96C9-D58B8BEC7B85}.Unicode Release Multithreaded|x64.ActiveCfg = Unicode Release Multithreaded|x64
		{5AE53C0D-126E-41F9-96C9-D58B8BEC7B85}.Unicode Release Multithreaded|x64.Build.0 = Unicode Release Multithreaded|x64
		{63D2E8E2-4301-472A-BCBF-56A298D721F7}.Debug Multithreaded DLL|Win32.ActiveCfg = Debug Multithreaded DLL|Win32
		{63D2E8E2-4301-472A-BCBF-56A298D721F7}.Debug Multithreaded DLL|Win32.Build.0 = Debug Multithreaded DLL|Win32
		{63D2E8E2-4301-472A-BCBF-56A298D721F7}.Debug Multithreaded DLL|x64.ActiveCfg = Debug Multithreaded DLL|x64
		{63D2E8E2-4301-472A-BCBF-56A298D721F7}.Debug Multithreaded DLL|x64.Build.0 = Debug Multithreaded DLL|x64
		{63D2E8E2-4301-472A-BCBF-56A298D721F7}.Debug Multithreaded pseudoUnix|Win32.ActiveCfg = Debug Multithreaded pseudoUnix|Win32
		{63D2E8E2-4301-472A-BCBF-56A298D721F7}.Debug Multithreaded pseudoUnix|Win32.Build.0 = Debug Multithreaded pseudoUnix|Win32
		{63D2E8E2-4301-472A-BCBF-56A298D721F7}.Debug Multithreaded pseudoUnix|x64.ActiveCfg = Debug Multithreaded pseudoUnix|x64
		{63D2E8E2-4301-472A-BCBF-56A298D721F7}.Debug Multithreaded pseudoUnix|x64.Build.0 = Debug Multithreaded pseudoUnix|x64
		{63D2E8E2-4301-472A-BCBF-56A298D721F7}.Debug Multithreaded|Win32.ActiveCfg = Debug Multithreaded|Win32
		{63D2E8E2-4301-472A-BCBF-56A298D721F7}.Debug Multithreaded|Win32.Build.0 = Debug Multithreaded|Win32
		{63D2E8E2-4301-472A-BCBF-56A298D721F7}.Debug Multithreaded|x64.ActiveCfg = Debug Multithreaded|x64
		{63D2E8E2-4301-472A-BCBF-56A298D721F7}.Debug Multithreaded|x64.Build.0 = Debug Multithreaded|x64
		{63D2E8E2-4301-472A-BCBF-56A298D721F7}.Release Multithreaded DLL|Win32.ActiveCfg = Release Multithreaded DLL|Win32
		{63D2E8E2-4301-472A-BCBF-56A298D721F7}.Release Multithreaded DLL|Win32.Build.0 = Release Multithreaded DLL|Win32
		{63D2E8E2-4301-472A-BCBF-56A298D721F7}.Release Multithreaded DLL|x64.ActiveCfg = Release Multithreaded DLL|x64
		{63D2E8E2-4301-472A-BCBF-56A298D721F7}.Release Multithreaded DLL|x64.Build.0 = Release Multithreaded DLL|x64
		{63D2E8E2-4301-472A-BCBF-56A298D721F7}.Release Multithreaded pseudoUnix|Win32.ActiveCfg = Release Multithreaded pseudoUnix|Win32
		{63D2E8E2-4301-472A-BCBF-56A298D721F7}.Release Multithreaded pseudoUnix|Win32.Build.0 = Release Multithreaded pseudoUnix|Win32
		{63D2E8E2-4301-472A-BCBF-56A298D721F7}.Release Multithreaded pseudoUnix|x64.ActiveCfg = Release Multithreaded pseudoUnix|x64
		{63D2E8E2-4301-472A-BCBF-56A298D721F7}.Release Multithreaded pseudoUnix|x64.Build.0 = Release Multithreaded pseudoUnix|x64
		{63D2E8E2-4301-472A-BCBF-56A298D721F7}.Release Multithreaded|Win32.ActiveCfg = Release Multithreaded|Win32
		{63D2E8E2-4301-472A-BCBF-56A298D721F7}.Release Multithreaded|Win32.Build.0 = Release Multithreaded|Win32
		{63D2E8E2-4301-472A-BCBF-56A298D721F7}.Release Multithreaded|x64.ActiveCfg = Release Multithreaded|x64
		{63D2E8E2-4301-472A-BCBF-56A298D721F7}.Release Multithreaded|x64.Build.0 = Release Multithreaded|x64
		{63D2E8E2-4301-472A-BCBF-56A298D721F7}.Unicode Debug Multithreaded|Win32.ActiveCfg = Unicode Debug Multithreaded|Win32
		{63D2E8E2-4301-472A-BCBF-56A298D721F7}.Unicode Debug Multithreaded|Win32.Build.0 = Unicode Debug Multithreaded|Win32
		{63D2E8E2-4301-472A-BCBF-56A298D721F7}.Unicode Debug Multithreaded|x64.ActiveCfg = Unicode Debug Multithreaded|x64
		{63D2E8E2-4301-472A-BCBF-56A298D721F7}.Unicode Debug Multithreaded|x64.Build.0 = Unicode Debug Multithreaded|x64
		{63D2E8E2-4301-472A-BCBF-56A298D721F7}.Unicode Release Multithreaded|Win32.ActiveCfg = Unicode Release Multithreaded|Win32
		{63D2E8E2-4301-472A-BCBF-56A298D721F7}.Unicode Release Multithreaded|Win32.Build.0 = Unicode Release Multithreaded|Win32
		{63D2E8E2-4301-472A-BCBF-56A298D721F7}.Unicode Release Multithreaded|x64.ActiveCfg = Unicode Release Multithreaded|x64
		{63D2E8E2-4301-472A-BCBF-56A298D721F7}.Unicode Release Multithreaded|x64.Build.0 = Unicode Release Multithreaded|x64
		{56B5C7E1-B828-4A75-9DDD-D91E4B8FA3CA}.Debug Multithreaded DLL|Win32.ActiveCfg = Debug Multithreaded DLL|Win32
		{56B5C7E1-B828-4A75-9DDD-D91E4B8FA3CA}.Debug Multithreaded DLL|Win32.Build.0 = Debug Multithreaded DLL|Win32
		{56B5C7E1-B828-4A75-9DDD-D91E4B8FA3CA}.Debug Multithreaded DLL|x64.ActiveCfg = Debug Multithreaded DLL|x64
		{56B5C7E1-B828-4A75-9DDD-D91E4B8FA3CA}.Debug Multithreaded DLL|x64.Build.0 = Debug Multithreaded DLL|x64
		{56B5C7E1-B828-4A75-9DDD-D91E4B8FA3CA}.Debug Multithreaded pseudoUnix|Win32.ActiveCfg = Debug Multithreaded pseudoUnix|Win32
		{56B5C7E1-B828-4A75-9DDD-D91E4B8FA3CA}.Debug Multithreaded pseudoUnix|Win32.Build.0 = Debug Multithreaded pseudoUnix|Win32
		{56B5C7E1-B828-4A75-9DDD-D91E4B8FA3CA}.Debug Multithreaded pseudoUnix|x64.ActiveCfg = Debug Multithreaded pseudoUnix|x64
		{56B5C7E1-B828-4A75-9DDD-D91E4B8FA3CA}.Debug Multithreaded pseudoUnix|x64.Build.0 = Debug Multithreaded pseudoUnix|x64
		{56B5C7E1-B828-4A75-9DDD-D91E4B8FA3CA}.Debug Multithreaded|Win32.ActiveCfg = Debug Multithreaded|Win32
		{56B5C7E1-B828-4A75-9DDD-D91E4B8FA3CA}.Debug Multithreaded|Win32.Build.0 = Debug Multithreaded|Win32
		{56B5C7E1-B828-4A75-9DDD-D91E4B8FA3CA}.Debug Multithreaded|x64.ActiveCfg = Debug Multithreaded|x64
		{56B5C7E1-B828-4A75-9DDD-D91E4B8FA3CA}.Debug Multithreaded|x64.Build.0 = Debug Multithreaded|x64
		{56B5C7E1-B828-4A75-9DDD-D91E4B8FA3CA}.Release Multithreaded DLL|Win32.ActiveCfg = Release Multithreaded DLL|Win32
		{56B5C7E1-B828-4A75-9DDD-D91E4B8FA3CA}.Release Multithreaded DLL|Win32.Build.0 = Release Multithreaded DLL|Win32
		{56B5C7E1-B828-4A75-9DDD-D91E4B8FA3CA}.Release Multithreaded DLL|x64.ActiveCfg = Release Multithreaded DLL|x64
		{56B5C7E1-B828-4A75-9DDD-D91E4B8FA3CA}.Release Multithreaded DLL|x64.Build.0 = Release Multithreaded DLL|x64
		{56B5C7E1-B828-4A75-9DDD-D91E4B8FA3CA}.Release Multithreaded pseudoUnix|Win32.ActiveCfg = Release Multithreaded pseudoUnix|Win32
		{56B5C7E1-B828-4A75-9DDD-D91E4B8FA3CA}.Release Multithreaded pseudoUnix|Win32.Build.0 = Release Multithreaded pseudoUnix|Win32
		{56B5C7E1-B828-4A75-9DDD-D91E4B8FA3CA}.Release Multithreaded pseudoUnix|x64.ActiveCfg = Release Multithreaded pseudoUnix|x64
		{56B5C7E1-B828-4A75-9DDD-D91E4B8FA3CA}.Release Multithreaded pseudoUnix|x64.Build.0 = Release Multithreaded pseudoUnix|x64
		{56B5C7E1-B828-4A75-9DDD-D91E4B8FA3CA}.Release Multithreaded|Win32.ActiveCfg = Release Multithreaded|Win32
		{56B5C7E1-B828-4A75-9DDD-D91E4B8FA3CA}.Release Multithreaded|Win32.Build.0 = Release Multithreaded|Win32
		{56B5C7E1-B828-4A75-9DDD-D91E4B8FA3CA}.Release Multithreaded|x64.ActiveCfg = Release Multithreaded|x64
		{56B5C7E1-B828-4A75-9DDD-D91E4B8FA3CA}.Release Multithreaded|x64.Build.0 = Release Multithreaded|x64
		{56B5C7E1-B828-4A75-9DDD-D91E4B8FA3CA}.Unicode Debug Multithreaded|Win32.ActiveCfg = Unicode Debug Multithreaded|Win32
		{56B5C7E1-B828-4A75-9DDD-D91E4B8FA3CA}.Unicode Debug Multithreaded|Win32.Build.0 = Unicode Debug Multithreaded|Win32
		{56B5C7E1-B828-4A75-9DDD-D91E4B8FA3CA}.Unicode Debug Multithreaded|x64.ActiveCfg = Unicode Debug Multithreaded|x64
		{56B5C7E1-B828-4A75-9DDD-D91E4B8FA3CA}.Unicode Debug Multithreaded|x64.Build.0 = Unicode Debug Multithreaded|x64
		{56B5C7E1-B828-4A75-9DDD-D91E4B8FA3CA}.Unicode Release Multithreaded|Win32.ActiveCfg = Unicode Release Multithreaded|Win32
		{56B5C7E1-B828-4A75-9DDD-D91E4B8FA3CA}.Unicode Release Multithreaded|Win32.Build.0 = Unicode Release Multithreaded|Win32
		{56B5C7E1-B828-4A75-9DDD-D91E4B8FA3CA}.Unicode Release Multithreaded|x64.ActiveCfg = Unicode Release Multithreaded|x64
		{56B5C7E1-B828-4A75-9DDD-D91E4B8FA3CA}.Unicode Release Multithreaded|x64.Build.0 = Unicode Release Multithreaded|x64
		{14DCFC93-C5F0-4BFA-8E34-B9ACA6FAD578}.Debug Multithreaded DLL|Win32.ActiveCfg = Debug Multithreaded DLL|Win32
		{14DCFC93-C5F0-4BFA-8E34-B9ACA6FAD578}.Debug Multithreaded DLL|Win32.Build.0 = Debug Multithreaded DLL|Win32
		{14DCFC93-C5F0-4BFA-8E34-B9ACA6FAD578}.Debug Multithreaded DLL|x64.ActiveCfg = Debug Multithreaded DLL|x64
		{14DCFC93-C5F0-4BFA-8E34-B9ACA6FAD578}.Debug Multithreaded DLL|x64.Build.0 = Debug Multithreaded DLL|x64
		{14DCFC93-C5F0-4BFA-8E34-B9ACA6FAD578}.Debug Multithreaded pseudoUnix|Win32.ActiveCfg = Debug Multithreaded pseudoUnix|Win32
		{14DCFC93-C5F0-4BFA-8E34-B9ACA6FAD578}.Debug Multithreaded pseudoUnix|Win32.Build.0 = Debug Multithreaded pseudoUnix|Win32
		{14DCFC93-C5F0-4BFA-8E34-B9ACA6FAD578}.Debug Multithreaded pseudoUnix|x64.ActiveCfg = Debug Multithreaded pseudoUnix|x64
		{14DCFC93-C5F0-4BFA-8E34-B9ACA6FAD578}.Debug Multithreaded pseudoUnix|x64.Build.0 = Debug Multithreaded pseudoUnix|x64
		{14DCFC93-C5F0-4BFA-8E34-B9ACA6FAD578}.Debug Multithreaded|Win32.ActiveCfg = Debug Multithreaded|Win32
		{14DCFC93-C5F0-4BFA-8E34-B9ACA6FAD578}.Debug Multithreaded|Win32.Build.0 = Debug Multithreaded|Win32
		{14DCFC93-C5F0-4BFA-8E34-B9ACA6FAD578}.Debug Multithreaded|x64.ActiveCfg = Debug Multithreaded|x64
		{14DCFC93-C5F0-4BFA-8E34-B9ACA6FAD578}.Debug Multithreaded|x64.Build.0 = Debug Multithreaded|x64
		{14DCFC93-C5F0-4BFA-8E34-B9ACA6FAD578}.Release Multithreaded DLL|Win32.ActiveCfg = Release Multithreaded DLL|Win32
		{14DCFC93-C5F0-4BFA-8E34-B9ACA6FAD578}.Release Multithreaded DLL|Win32.Build.0 = Release Multithreaded DLL|Win32
		{14DCFC93-C5F0-4BFA-8E34-B9ACA6FAD578}.Release Multithreaded DLL|x64.ActiveCfg = Release Multithreaded DLL|x64
		{14DCFC93-C5F0-4BFA-8E34-B9ACA6FAD578}.Release Multithreaded DLL|x64.Build.0 = Release Multithreaded DLL|x64
		{14DCFC93-C5F0-4BFA-8E34-B9ACA6FAD578}.Release Multithreaded pseudoUnix|Win32.ActiveCfg = Release Multithreaded pseudoUnix|Win32
		{14DCFC93-C5F0-4BFA-8E34-B9ACA6FAD578}.Release Multithreaded pseudoUnix|Win32.Build.0 = Release Multithreaded pseudoUnix|Win32
		{14DCFC93-C5F0-4BFA-8E34-B9ACA6FAD578}.Release Multithreaded pseudoUnix|x64.ActiveCfg = Release Multithreaded pseudoUnix|x64
		{14DCFC93-C5F0-4BFA-8E34-B9ACA6FAD578}.Release Multithreaded pseudoUnix|x64.Build.0 = Release Multithreaded pseudoUnix|x64
		{14DCFC93-C5F0-4BFA-8E34-B9ACA6FAD578}.Release Multithreaded|Win32.ActiveCfg = Release Multithreaded|Win32
		{14DCFC93-C5F0-4BFA-8E34-B9ACA6FAD578}.Release Multithreaded|Win32.Build.0 = Release Multithreaded|Win32
		{14DCFC93-C5F0-4BFA-8E34-B9ACA6FAD578}.Release Multithreaded|x64.ActiveCfg = Release Multithreaded|x64
		{14DCFC93-C5F0-4BFA-8E34-B9ACA6FAD578}.Release Multithreaded|x64.Build.0 = Release Multithreaded|x64
		{14DCFC93-C5F0-4BFA-8E34-B9ACA6FAD578}.Unicode Debug Multithreaded|Win32.ActiveCfg = Unicode Debug Multithreaded|Win32
		{14DCFC93-C5F0-4BFA-8E34-B9ACA6FAD578}.Unicode Debug Multithreaded|Win32.Build.0 = Unicode Debug Multithreaded|Win32
		{14DCFC93-C5F0-4BFA-8E34-B9ACA6FAD578}.Unicode Debug Multithreaded|x64.ActiveCfg = Unicode Debug Multithreaded|x64
		{14DCFC93-C5F0-4BFA-8E34-B9ACA6FAD578}.Unicode Debug Multithreaded|x64.Build.0 = Unicode Debug Multithreaded|x64
		{14DCFC93-C5F0-4BFA-8E34-B9ACA6FAD578}.Unicode Release Multithreaded|Win32.ActiveCfg = Unicode Release Multithreaded|Win32
		{14DCFC93-C5F0-4BFA-8E34-B9ACA6FAD578}.Unicode Release Multithreaded|Win32.Build.0 = Unicode Release Multithreaded|Win32
		{14DCFC93-C5F0-4BFA-8E34-B9ACA6FAD578}.Unicode Release Multithreaded|x64.ActiveCfg = Unicode Release Multithreaded|x64
		{14DCFC93-C5F0-4BFA-8E34-B9ACA6FAD578}.Unicode Release Multithreaded|x64.Build.0 = Unicode Release Multithreaded|x64
		{AA8CDAA4-EB75-47AC-B0BB-AADF2D4B332B}.Debug Multithreaded DLL|Win32.ActiveCfg = Debug Multithreaded DLL|Win32
		{AA8CDAA4-EB75-47AC-B0BB-AADF2D4B332B}.Debug Multithreaded DLL|Win32.Build.0 = Debug Multithreaded DLL|Win32
		{AA8CDAA4-EB75-47AC-B0BB-AADF2D4B332B}.Debug Multithreaded DLL|x64.ActiveCfg = Debug Multithreaded DLL|x64
		{AA8CDAA4-EB75-47AC-B0BB-AADF2D4B332B}.Debug Multithreaded DLL|x64.Build.0 = Debug Multithreaded DLL|x64
		{AA8CDAA4-EB75-47AC-B0BB-AADF2D4B332B}.Debug Multithreaded pseudoUnix|Win32.ActiveCfg = Debug Multithreaded pseudoUnix|Win32
		{AA8CDAA4-EB75-47AC-B0BB-AADF2D4B332B}.Debug Multithreaded pseudoUnix|Win32.Build.0 = Debug Multithreaded pseudoUnix|Win32
		{AA8CDAA4-EB75-47AC-B0BB-AADF2D4B332B}.Debug Multithreaded pseudoUnix|x64.ActiveCfg = Debug Multithreaded pseudoUnix|x64
		{AA8CDAA4-EB75-47AC-B0BB-AADF2D4B332B}.Debug Multithreaded pseudoUnix|x64.Build.0 = Debug Multithreaded pseudoUnix|x64
		{AA8CDAA4-EB75-47AC-B0BB-AADF2D4B332B}.Debug Multithreaded|Win32.ActiveCfg = Debug Multithreaded|Win32
		{AA8CDAA4-EB75-47AC-B0BB-AADF2D4B332B}.Debug Multithreaded|Win32.Build.0 = Debug Multithreaded|Win32
		{AA8CDAA4-EB75-47AC-B0BB-AADF2D4B332B}.Debug Multithreaded|x64.ActiveCfg = Debug Multithreaded|x64
		{AA8CDAA4-EB75-47AC-B0BB-AADF2D4B332B}.Debug Multithreaded|x64.Build.0 = Debug Multithreaded|x64
		{AA8CDAA4-EB75-47AC-B0BB-AADF2D4B332B}.Release Multithreaded DLL|Win32.ActiveCfg = Release Multithreaded DLL|Win32
		{AA8CDAA4-EB75-47AC-B0BB-AADF2D4B332B}.Release Multithreaded DLL|Win32.Build.0 = Release Multithreaded DLL|Win32
		{AA8CDAA4-EB75-47AC-B0BB-AADF2D4B332B}.Release Multithreaded DLL|x64.ActiveCfg = Release Multithreaded DLL|x64
		{AA8CDAA4-EB75-47AC-B0BB-AADF2D4B332B}.Release Multithreaded DLL|x64.Build.0 = Release Multithreaded DLL|x64
		{AA8CDAA4-EB75-47AC-B0BB-AADF2D4B332B}.Release Multithreaded pseudoUnix|Win32.ActiveCfg = Release Multithreaded pseudoUnix|Win32
		{AA8CDAA4-EB75-47AC-B0BB-AADF2D4B332B}.Release Multithreaded pseudoUnix|Win32.Build.0 = Release Multithreaded pseudoUnix|Win32
		{AA8CDAA4-EB75-47AC-B0BB-AADF2D4B332B}.Release Multithreaded pseudoUnix|x64.ActiveCfg = Release Multithreaded pseudoUnix|x64
		{AA8CDAA4-EB75-47AC-B0BB-AADF2D4B332B}.Release Multithreaded pseudoUnix|x64.Build.0 = Release Multithreaded pseudoUnix|x64
		{AA8CDAA4-EB75-47AC-B0BB-AADF2D4B332B}.Release Multithreaded|Win32.ActiveCfg = Release Multithreaded|Win32
		{AA8CDAA4-EB75-47AC-B0BB-AADF2D4B332B}.Release Multithreaded|Win32.Build.0 = Release Multithreaded|Win32
		{AA8CDAA4-EB75-47AC-B0BB-AADF2D4B332B}.Release Multithreaded|x64.ActiveCfg = Release Multithreaded|x64
		{AA8CDAA4-EB75-47AC-B0BB-AADF2D4B332B}.Release Multithreaded|x64.Build.0 = Release Multithreaded|x64
		{AA8CDAA4-EB75-47AC-B0BB-AADF2D4B332B}.Unicode Debug Multithreaded|Win32.ActiveCfg = Unicode Debug Multithreaded|Win32
		{AA8CDAA4-EB75-47AC-B0BB-AADF2D4B332B}.Unicode Debug Multithreaded|Win32.Build.0 = Unicode Debug Multithreaded|Win32
		{AA8CDAA4-EB75-47AC-B0BB-AADF2D4B332B}.Unicode Debug Multithreaded|x64.ActiveCfg = Unicode Debug Multithreaded|x64
		{AA8CDAA4-EB75-47AC-B0BB-AADF2D4B332B}.Unicode Debug Multithreaded|x64.Build.0 = Unicode Debug Multithreaded|x64
		{AA8CDAA4-EB75-47AC-B0BB-AADF2D4B332B}.Unicode Release Multithreaded|Win32.ActiveCfg = Unicode Release Multithreaded|Win32
		{AA8CDAA4-EB75-47AC-B0BB-AADF2D4B332B}.Unicode Release Multithreaded|Win32.Build.0 = Unicode Release Multithreaded|Win32
		{AA8CDAA4-EB75-47AC-B0BB-AADF2D4B332B}.Unicode Release Multithreaded|x64.ActiveCfg = Unicode Release Multithreaded|x64
		{AA8CDAA4-EB75-47AC-B0BB-AADF2D4B332B}.Unicode Release Multithreaded|x64.Build.0 = Unicode Release Multithreaded|x64
		{6732DC64-3857-4A8A-8A0E-0EB36EBC3063}.Debug Multithreaded DLL|Win32.ActiveCfg = Debug Multithreaded DLL|Win32
		{6732DC64-3857-4A8A-8A0E-0EB36EBC3063}.Debug Multithreaded DLL|Win32.Build.0 = Debug Multithreaded DLL|Win32
		{6732DC64-3857-4A8A-8A0E-0EB36EBC3063}.Debug Multithreaded DLL|x64.ActiveCfg = Debug Multithreaded DLL|x64
		{6732DC64-3857-4A8A-8A0E-0EB36EBC3063}.Debug Multithreaded DLL|x64.Build.0 = Debug Multithreaded DLL|x64
		{6732DC64-3857-4A8A-8A0E-0EB36EBC3063}.Debug Multithreaded pseudoUnix|Win32.ActiveCfg = Debug Multithreaded pseudoUnix|Win32
		{6732DC64-3857-4A8A-8A0E-0EB36EBC3063}.Debug Multithreaded pseudoUnix|Win32.Build.0 = Debug Multithreaded pseudoUnix|Win32
		{6732DC64-3857-4A8A-8A0E-0EB36EBC3063}.Debug Multithreaded pseudoUnix|x64.ActiveCfg = Debug Multithreaded pseudoUnix|x64
		{6732DC64-3857-4A8A-8A0E-0EB36EBC3063}.Debug Multithreaded pseudoUnix|x64.Build.0 = Debug Multithreaded pseudoUnix|x64
		{6732DC64-3857-4A8A-8A0E-0EB36EBC3063}.Debug Multithreaded|Win32.ActiveCfg = Debug Multithreaded|Win32
		{6732DC64-3857-4A8A-8A0E-0EB36EBC3063}.Debug Multithreaded|Win32.Build.0 = Debug Multithreaded|Win32
		{6732DC64-3857-4A8A-8A0E-0EB36EBC3063}.Debug Multithreaded|x64.ActiveCfg = Debug Multithreaded|x64
		{6732DC64-3857-4A8A-8A0E-0EB36EBC3063}.Debug Multithreaded|x64.Build.0 = Debug Multithreaded|x64
		{6732DC64-3857-4A8A-8A0E-0EB36EBC3063}.Release Multithreaded DLL|Win32.ActiveCfg = Release Multithreaded DLL|Win32
		{6732DC64-3857-4A8A-8A0E-0EB36EBC3063}.Release Multithreaded DLL|Win32.Build.0 = Release Multithreaded DLL|Win32
		{6732DC64-3857-4A8A-8A0E-0EB36EBC3063}.Release Multithreaded DLL|x64.ActiveCfg = Release Multithreaded DLL|x64
		{6732DC64-3857-4A8A-8A0E-0EB36EBC3063}.Release Multithreaded DLL|x64.Build.0 = Release Multithreaded DLL|x64
		{6732DC64-3857-4A8A-8A0E-0EB36EBC3063}.Release Multithreaded pseudoUnix|Win32.ActiveCfg = Release Multithreaded pseudoUnix|Win32
		{6732DC64-3857-4A8A-8A0E-0EB36EBC3063}.Release Multithreaded pseudoUnix|Win32.Build.0 = Release Multithreaded pseudoUnix|Win32
		{6732DC64-3857-4A8A-8A0E-0EB36EBC3063}.Release Multithreaded pseudoUnix|x64.ActiveCfg = Release Multithreaded pseudoUnix|x64
		{6732DC64-3857-4A8A-8A0E-0EB36EBC3063}.Release Multithreaded pseudoUnix|x64.Build.0 = Release Multithreaded pseudoUnix|x64
		{6732DC64-3857-4A8A-8A0E-0EB36EBC3063}.Release Multithreaded|Win32.ActiveCfg = Release Multithreaded|Win32
		{6732DC64-3857-4A8A-8A0E-0EB36EBC3063}.Release Multithreaded|Win32.Build.0 = Release Multithreaded|Win32
		{6732DC64-3857-4A8A-8A0E-0EB36EBC3063}.Release Multithreaded|x64.ActiveCfg = Release Multithreaded|x64
		{6732DC64-3857-4A8A-8A0E-0EB36EBC3063}.Release Multithreaded|x64.Build.0 = Release Multithreaded|x64
		{6732DC64-3857-4A8A-8A0E-0EB36EBC3063}.Unicode Debug Multithreaded|Win32.ActiveCfg = Unicode Debug Multithreaded|Win32
		{6732DC64-3857-4A8A-8A0E-0EB36EBC3063}.Unicode Debug Multithreaded|Win32.Build.0 = Unicode Debug Multithreaded|Win32
		{6732DC64-3857-4A8A-8A0E-0EB36EBC3063}.Unicode Debug Multithreaded|x64.ActiveCfg = Unicode Debug Multithreaded|x64
		{6732DC64-3857-4A8A-8A0E-0EB36EBC3063}.Unicode Debug Multithreaded|x64.Build.0 = Unicode Debug Multithreaded|x64
		{6732DC64-3857-4A8A-8A0E-0EB36EBC3063}.Unicode Release Multithreaded|Win32.ActiveCfg = Unicode Release Multithreaded|Win32
		{6732DC64-3857-4A8A-8A0E-0EB36EBC3063}.Unicode Release Multithreaded|Win32.Build.0 = Unicode Release Multithreaded|Win32
		{6732DC64-3857-4A8A-8A0E-0EB36EBC3063}.Unicode Release Multithreaded|x64.ActiveCfg = Unicode Release Multithreaded|x64
		{6732DC64-3857-4A8A-8A0E-0EB36EBC3063}.Unicode Release Multithreaded|x64.Build.0 = Unicode Release Multithreaded|x64
		{3228CB11-2101-4709-9737-95AE3893F1C7}.Debug Multithreaded DLL|Win32.ActiveCfg = Debug Multithreaded DLL|Win32
		{3228CB11-2101-4709-9737-95AE3893F1C7}.Debug Multithreaded DLL|Win32.Build.0 = Debug Multithreaded DLL|Win32
		{3228CB11-2101-4709-9737-95AE3893F1C7}.Debug Multithreaded DLL|x64.ActiveCfg = Debug Multithreaded DLL|x64
		{3228CB11-2101-4709-9737-95AE3893F1C7}.Debug Multithreaded DLL|x64.Build.0 = Debug Multithreaded DLL|x64
		{3228CB11-2101-4709-9737-95AE3893F1C7}.Debug Multithreaded pseudoUnix|Win32.ActiveCfg = Debug Multithreaded pseudoUnix|Win32
		{3228CB11-2101-4709-9737-95AE3893F1C7}.Debug Multithreaded pseudoUnix|Win32.Build.0 = Debug Multithreaded pseudoUnix|Win32
		{3228CB11-2101-4709-9737-95AE3893F1C7}.Debug Multithreaded pseudoUnix|x64.ActiveCfg = Debug Multithreaded pseudoUnix|x64
		{3228CB11-2101-4709-9737-95AE3893F1C7}.Debug Multithreaded pseudoUnix|x64.Build.0 = Debug Multithreaded pseudoUnix|x64
		{3228CB11-2101-4709-9737-95AE3893F1C7}.Debug Multithreaded|Win32.ActiveCfg = Debug Multithreaded|Win32
		{3228CB11-2101-4709-9737-95AE3893F1C7}.Debug Multithreaded|Win32.Build.0 = Debug Multithreaded|Win32
		{3228CB11-2101-4709-9737-95AE3893F1C7}.Debug Multithreaded|x64.ActiveCfg = Debug Multithreaded|x64
		{3228CB11-2101-4709-9737-95AE3893F1C7}.Debug Multithreaded|x64.Build.0 = Debug Multithreaded|x64
		{3228CB11-2101-4709-9737-95AE3893F1C7}.Release Multithreaded DLL|Win32.ActiveCfg = Release Multithreaded DLL|Win32
		{3228CB11-2101-4709-9737-95AE3893F1C7}.Release Multithreaded DLL|Win32.Build.0 = Release Multithreaded DLL|Win32
		{3228CB11-2101-4709-9737-95AE3893F1C7}.Release Multithreaded DLL|x64.ActiveCfg = Release Multithreaded DLL|x64
		{3228CB11-2101-4709-9737-95AE3893F1C7}.Release Multithreaded DLL|x64.Build.0 = Release Multithreaded DLL|x64
		{3228CB11-2101-4709-9737-95AE3893F1C7}.Release Multithreaded pseudoUnix|Win32.ActiveCfg = Release Multithreaded pseudoUnix|Win32
		{3228CB11-2101-4709-9737-95AE3893F1C7}.Release Multithreaded pseudoUnix|Win32.Build.0 = Release Multithreaded pseudoUnix|Win32
		{3228CB11-2101-4709-9737-95AE3893F1C7}.Release Multithreaded pseudoUnix|x64.ActiveCfg = Release Multithreaded pseudoUnix|x64
		{3228CB11-2101-4709-9737-95AE3893F1C7}.Release Multithreaded pseudoUnix|x64.Build.0 = Release Multithreaded pseudoUnix|x64
		{3228CB11-2101-4709-9737-95AE3893F1C7}.Release Multithreaded|Win32.ActiveCfg = Release Multithreaded|Win32
		{3228CB11-2101-4709-9737-95AE3893F1C7}.Release Multithreaded|Win32.Build.0 = Release Multithreaded|Win32
		{3228CB11-2101-4709-9737-95AE3893F1C7}.Release Multithreaded|x64.ActiveCfg = Release Multithreaded|x64
		{3228CB11-2101-4709-9737-95AE3893F1C7}.Release Multithreaded|x64.Build.0 = Release Multithreaded|x64
		{3228CB11-2101-4709-9737-95AE3893F1C7}.Unicode Debug Multithreaded|Win32.ActiveCfg = Unicode Debug Multithreaded|Win32
		{3228CB11-2101-4709-9737-95AE3893F1C7}.Unicode Debug Multithreaded|Win32.Build.0 = Unicode Debug Multithreaded|Win32
		{3228CB11-2101-4709-9737-95AE3893F1C7}.Unicode Debug Multithreaded|x64.ActiveCfg = Unicode Debug Multithreaded|x64
		{3228CB11-2101-4709-9737-95AE3893F1C7}.Unicode Debug Multithreaded|x64.Build.0 = Unicode Debug Multithreaded|x64
		{3228CB11-2101-4709-9737-95AE3893F1C7}.Unicode Release Multithreaded|Win32.ActiveCfg = Unicode Release Multithreaded|Win32
		{3228CB11-2101-4709-9737-95AE3893F1C7}.Unicode Release Multithreaded|Win32.Build.0 = Unicode Release Multithreaded|Win32
		{3228CB11-2101-4709-9737-95AE3893F1C7}.Unicode Release Multithreaded|x64.ActiveCfg = Unicode Release Multithreaded|x64
		{3228CB11-2101-4709-9737-95AE3893F1C7}.Unicode Release Multithreaded|x64.Build.0 = Unicode Release Multithreaded|x64
		{060A3B82-6468-44E0-981A-B4D35E178126}.Debug Multithreaded DLL|Win32.ActiveCfg = Debug Multithreaded DLL|Win32
		{060A3B82-6468-44E0-981A-B4D35E178126}.Debug Multithreaded DLL|Win32.Build.0 = Debug Multithreaded DLL|Win32
		{060A3B82-6468-44E0-981A-B4D35E178126}.Debug Multithreaded DLL|x64.ActiveCfg = Debug Multithreaded DLL|x64
		{060A3B82-6468-44E0-981A-B4D35E178126}.Debug Multithreaded DLL|x64.Build.0 = Debug Multithreaded DLL|x64
		{060A3B82-6468-44E0-981A-B4D35E178126}.Debug Multithreaded pseudoUnix|Win32.ActiveCfg = Debug Multithreaded pseudoUnix|Win32
		{060A3B82-6468-44E0-981A-B4D35E178126}.Debug Multithreaded pseudoUnix|Win32.Build.0 = Debug Multithreaded pseudoUnix|Win32
		{060A3B82-6468-44E0-981A-B4D35E178126}.Debug Multithreaded pseudoUnix|x64.ActiveCfg = Debug Multithreaded pseudoUnix|x64
		{060A3B82-6468-44E0-981A-B4D35E178126}.Debug Multithreaded pseudoUnix|x64.Build.0 = Debug Multithreaded pseudoUnix|x64
		{060A3B82-6468-44E0-981A-B4D35E178126}.Debug Multithreaded|Win32.ActiveCfg = Debug Multithreaded|Win32
		{060A3B82-6468-44E0-981A-B4D35E178126}.Debug Multithreaded|Win32.Build.0 = Debug Multithreaded|Win32
		{060A3B82-6468-44E0-981A-B4D35E178126}.Debug Multithreaded|x64.ActiveCfg = Debug Multithreaded|x64
		{060A3B82-6468-44E0-981A-B4D35E178126}.Debug Multithreaded|x64.Build.0 = Debug Multithreaded|x64
		{060A3B82-6468-44E0-981A-B4D35E178126}.Release Multithreaded DLL|Win32.ActiveCfg = Release Multithreaded DLL|Win32
		{060A3B82-6468-44E0-981A-B4D35E178126}.Release Multithreaded DLL|Win32.Build.0 = Release Multithreaded DLL|Win32
		{060A3B82-6468-44E0-981A-B4D35E178126}.Release Multithreaded DLL|x64.ActiveCfg = Release Multithreaded DLL|x64
		{060A3B82-6468-44E0-981A-B4D35E178126}.Release Multithreaded DLL|x64.Build.0 = Release Multithreaded DLL|x64
		{060A3B82-6468-44E0-981A-B4D35E178126}.Release Multithreaded pseudoUnix|Win32.ActiveCfg = Release Multithreaded pseudoUnix|Win32
		{060A3B82-6468-44E0-981A-B4D35E178126}.Release Multithreaded pseudoUnix|Win32.Build.0 = Release Multithreaded pseudoUnix|Win32
		{060A3B82-6468-44E0-981A-B4D35E178126}.Release Multithreaded pseudoUnix|x64.ActiveCfg = Release Multithreaded pseudoUnix|x64
		{060A3B82-6468-44E0-981A-B4D35E178126}.Release Multithreaded pseudoUnix|x64.Build.0 = Release Multithreaded pseudoUnix|x64
		{060A3B82-6468-44E0-981A-B4D35E178126}.Release Multithreaded|Win32.ActiveCfg = Release Multithreaded|Win32
		{060A3B82-6468-44E0-981A-B4D35E178126}.Release Multithreaded|Win32.Build.0 = Release Multithreaded|Win32
		{060A3B82-6468-44E0-981A-B4D35E178126}.Release Multithreaded|x64.ActiveCfg = Release Multithreaded|x64
		{060A3B82-6468-44E0-981A-B4D35E178126}.Release Multithreaded|x64.Build.0 = Release Multithreaded|x64
		{060A3B82-6468-44E0-981A-B4D35E178126}.Unicode Debug Multithreaded|Win32.ActiveCfg = Unicode Debug Multithreaded|Win32
		{060A3B82-6468-44E0-981A-B4D35E178126}.Unicode Debug Multithreaded|Win32.Build.0 = Unicode Debug Multithreaded|Win32
		{060A3B82-6468-44E0-981A-B4D35E178126}.Unicode Debug Multithreaded|x64.ActiveCfg = Unicode Debug Multithreaded|x64
		{060A3B82-6468-44E0-981A-B4D35E178126}.Unicode Debug Multithreaded|x64.Build.0 = Unicode Debug Multithreaded|x64
		{060A3B82-6468-44E0-981A-B4D35E178126}.Unicode Release Multithreaded|Win32.ActiveCfg = Unicode Release Multithreaded|Win32
		{060A3B82-6468-44E0-981A-B4D35E178126}.Unicode Release Multithreaded|Win32.Build.0 = Unicode Release Multithreaded|Win32
		{060A3B82-6468-44E0-981A-B4D35E178126}.Unicode Release Multithreaded|x64.ActiveCfg = Unicode Release Multithreaded|x64
		{060A3B82-6468-44E0-981A-B4D35E178126}.Unicode Release Multithreaded|x64.Build.0 = Unicode Release Multithreaded|x64
		{3F74B372-9713-4223-88BC-34186EECB1CD}.Debug Multithreaded DLL|Win32.ActiveCfg = Debug Multithreaded DLL|Win32
		{3F74B372-9713-4223-88BC-34186EECB1CD}.Debug Multithreaded DLL|Win32.Build.0 = Debug Multithreaded DLL|Win32
		{3F74B372-9713-4223-88BC-34186EECB1CD}.Debug Multithreaded DLL|x64.ActiveCfg = Debug Multithreaded DLL|x64
		{3F74B372-9713-4223-88BC-34186EECB1CD}.Debug Multithreaded DLL|x64.Build.0 = Debug Multithreaded DLL|x64
		{3F74B372-9713-4223-88BC-34186EECB1CD}.Debug Multithreaded pseudoUnix|Win32.ActiveCfg = Debug Multithreaded pseudoUnix|Win32
		{3F74B372-9713-4223-88BC-34186EECB1CD}.Debug Multithreaded pseudoUnix|Win32.Build.0 = Debug Multithreaded pseudoUnix|Win32
		{3F74B372-9713-4223-88BC-34186EECB1CD}.Debug Multithreaded pseudoUnix|x64.ActiveCfg = Debug Multithreaded pseudoUnix|x64
		{3F74B372-9713-4223-88BC-34186EECB1CD}.Debug Multithreaded pseudoUnix|x64.Build.0 = Debug Multithreaded pseudoUnix|x64
		{3F74B372-9713-4223-88BC-34186EECB1CD}.Debug Multithreaded|Win32.ActiveCfg = Debug Multithreaded|Win32
		{3F74B372-9713-4223-88BC-34186EECB1CD}.Debug Multithreaded|Win32.Build.0 = Debug Multithreaded|Win32
		{3F74B372-9713-4223-88BC-34186EECB1CD}.Debug Multithreaded|x64.ActiveCfg = Debug Multithreaded|x64
		{3F74B372-9713-4223-88BC-34186EECB1CD}.Debug Multithreaded|x64.Build.0 = Debug Multithreaded|x64
		{3F74B372-9713-4223-88BC-34186EECB1CD}.Release Multithreaded DLL|Win32.ActiveCfg = Release Multithreaded DLL|Win32
		{3F74B372-9713-4223-88BC-34186EECB1CD}.Release Multithreaded DLL|Win32.Build.0 = Release Multithreaded DLL|Win32
		{3F74B372-9713-4223-88BC-34186EECB1CD}.Release Multithreaded DLL|x64.ActiveCfg = Release Multithreaded DLL|x64
		{3F74B372-9713-4223-88BC-34186EECB1CD}.Release Multithreaded DLL|x64.Build.0 = Release Multithreaded DLL|x64
		{3F74B372-9713-4223-88BC-34186EECB1CD}.Release Multithreaded pseudoUnix|Win32.ActiveCfg = Release Multithreaded pseudoUnix|Win32
		{3F74B372-9713-4223-88BC-34186EECB1CD}.Release Multithreaded pseudoUnix|Win32.Build.0 = Release Multithreaded pseudoUnix|Win32
		{3F74B372-9713-4223-88BC-34186EECB1CD}.Release Multithreaded pseudoUnix|x64.ActiveCfg = Release Multithreaded pseudoUnix|x64
		{3F74B372-9713-4223-88BC-34186EECB1CD}.Release Multithreaded pseudoUnix|x64.Build.0 = Release Multithreaded pseudoUnix|x64
		{3F74B372-9713-4223-88BC-34186EECB1CD}.Release Multithreaded|Win32.ActiveCfg = Release Multithreaded|Win32
		{3F74B372-9713-4223-88BC-34186EECB1CD}.Release Multithreaded|Win32.Build.0 = Release Multithreaded|Win32
		{3F74B372-9713-4223-88BC-34186EECB1CD}.Release Multithreaded|x64.ActiveCfg = Release Multithreaded|x64
		{3F74B372-9713-4223-88BC-34186EECB1CD}.Release Multithreaded|x64.Build.0 = Release Multithreaded|x64
		{3F74B372-9713-4223-88BC-34186EECB1CD}.Unicode Debug Multithreaded|Win32.ActiveCfg = Unicode Debug Multithreaded|Win32
		{3F74B372-9713-4223-88BC-34186EECB1CD}.Unicode Debug Multithreaded|Win32.Build.0 = Unicode Debug Multithreaded|Win32
		{3F74B372-9713-4223-88BC-34186EECB1CD}.Unicode Debug Multithreaded|x64.ActiveCfg = Unicode Debug Multithreaded|x64
		{3F74B372-9713-4223-88BC-34186EECB1CD}.Unicode Debug Multithreaded|x64.Build.0 = Unicode Debug Multithreaded|x64
		{3F74B372-9713-4223-88BC-34186EECB1CD}.Unicode Release Multithreaded|Win32.ActiveCfg = Unicode Release Multithreaded|Win32
		{3F74B372-9713-4223-88BC-34186EECB1CD}.Unicode Release Multithreaded|Win32.Build.0 = Unicode Release Multithreaded|Win32
		{3F74B372-9713-4223-88BC-34186EECB1CD}.Unicode Release Multithreaded|x64.ActiveCfg = Unicode Release Multithreaded|x64
		{3F74B372-9713-4223-88BC-34186EECB1CD}.Unicode Release Multithreaded|x64.Build.0 = Unicode Release Multithreaded|x64
		{1F12CE67-8B7B-42F0-9D80-9AC9CBD06AB8}.Debug Multithreaded DLL|Win32.ActiveCfg = Debug Multithreaded DLL|Win32
		{1F12CE67-8B7B-42F0-9D80-9AC9CBD06AB8}.Debug Multithreaded DLL|Win32.Build.0 = Debug Multithreaded DLL|Win32
		{1F12CE67-8B7B-42F0-9D80-9AC9CBD06AB8}.Debug Multithreaded DLL|x64.ActiveCfg = Debug Multithreaded DLL|x64
		{1F12CE67-8B7B-42F0-9D80-9AC9CBD06AB8}.Debug Multithreaded DLL|x64.Build.0 = Debug Multithreaded DLL|x64
		{1F12CE67-8B7B-42F0-9D80-9AC9CBD06AB8}.Debug Multithreaded pseudoUnix|Win32.ActiveCfg = Debug Multithreaded pseudoUnix|Win32
		{1F12CE67-8B7B-42F0-9D80-9AC9CBD06AB8}.Debug Multithreaded pseudoUnix|Win32.Build.0 = Debug Multithreaded pseudoUnix|Win32
		{1F12CE67-8B7B-42F0-9D80-9AC9CBD06AB8}.Debug Multithreaded pseudoUnix|x64.ActiveCfg = Debug Multithreaded pseudoUnix|x64
		{1F12CE67-8B7B-42F0-9D80-9AC9CBD06AB8}.Debug Multithreaded pseudoUnix|x64.Build.0 = Debug Multithreaded pseudoUnix|x64
		{1F12CE67-8B7B-42F0-9D80-9AC9CBD06AB8}.Debug Multithreaded|Win32.ActiveCfg = Debug Multithreaded|Win32
		{1F12CE67-8B7B-42F0-9D80-9AC9CBD06AB8}.Debug Multithreaded|Win32.Build.0 = Debug Multithreaded|Win32
		{1F12CE67-8B7B-42F0-9D80-9AC9CBD06AB8}.Debug Multithreaded|x64.ActiveCfg = Debug Multithreaded|x64
		{1F12CE67-8B7B-42F0-9D80-9AC9CBD06AB8}.Debug Multithreaded|x64.Build.0 = Debug Multithreaded|x64
		{1F12CE67-8B7B-42F0-9D80-9AC9CBD06AB8}.Release Multithreaded DLL|Win32.ActiveCfg = Release Multithreaded DLL|Win32
		{1F12CE67-8B7B-42F0-9D80-9AC9CBD06AB8}.Release Multithreaded DLL|Win32.Build.0 = Release Multithreaded DLL|Win32
		{1F12CE67-8B7B-42F0-9D80-9AC9CBD06AB8}.Release Multithreaded DLL|x64.ActiveCfg = Release Multithreaded DLL|x64
		{1F12CE67-8B7B-42F0-9D80-9AC9CBD06AB8}.Release Multithreaded DLL|x64.Build.0 = Release Multithreaded DLL|x64
		{1F12CE67-8B7B-42F0-9D80-9AC9CBD06AB8}.Release Multithreaded pseudoUnix|Win32.ActiveCfg = Release Multithreaded pseudoUnix|Win32
		{1F12CE67-8B7B-42F0-9D80-9AC9CBD06AB8}.Release Multithreaded pseudoUnix|Win32.Build.0 = Release Multithreaded pseudoUnix|Win32
		{1F12CE67-8B7B-42F0-9D80-9AC9CBD06AB8}.Release Multithreaded pseudoUnix|x64.ActiveCfg = Release Multithreaded pseudoUnix|x64
		{1F12CE67-8B7B-42F0-9D80-9AC9CBD06AB8}.Release Multithreaded pseudoUnix|x64.Build.0 = Release Multithreaded pseudoUnix|x64
		{1F12CE67-8B7B-42F0-9D80-9AC9CBD06AB8}.Release Multithreaded|Win32.ActiveCfg = Release Multithreaded|Win32
		{1F12CE67-8B7B-42F0-9D80-9AC9CBD06AB8}.Release Multithreaded|Win32.Build.0 = Release Multithreaded|Win32
		{1F12CE67-8B7B-42F0-9D80-9AC9CBD06AB8}.Release Multithreaded|x64.ActiveCfg = Release Multithreaded|x64
		{1F12CE67-8B7B-42F0-9D80-9AC9CBD06AB8}.Release Multithreaded|x64.Build.0 = Release Multithreaded|x64
		{1F12CE67-8B7B-42F0-9D80-9AC9CBD06AB8}.Unicode Debug Multithreaded|Win32.ActiveCfg = Unicode Debug Multithreaded|Win32
		{1F12CE67-8B7B-42F0-9D80-9AC9CBD06AB8}.Unicode Debug Multithreaded|Win32.Build.0 = Unicode Debug Multithreaded|Win32
		{1F12CE67-8B7B-42F0-9D80-9AC9CBD06AB8}.Unicode Debug Multithreaded|x64.ActiveCfg = Unicode Debug Multithreaded|x64
		{1F12CE67-8B7B-42F0-9D80-9AC9CBD06AB8}.Unicode Debug Multithreaded|x64.Build.0 = Unicode Debug Multithreaded|x64
		{1F12CE67-8B7B-42F0-9D80-9AC9CBD06AB8}.Unicode Release Multithreaded|Win32.ActiveCfg = Unicode Release Multithreaded|Win32
		{1F12CE67-8B7B-42F0-9D80-9AC9CBD06AB8}.Unicode Release Multithreaded|Win32.Build.0 = Unicode Release Multithreaded|Win32
		{1F12CE67-8B7B-42F0-9D80-9AC9CBD06AB8}.Unicode Release Multithreaded|x64.ActiveCfg = Unicode Release Multithreaded|x64
		{1F12CE67-8B7B-42F0-9D80-9AC9CBD06AB8}.Unicode Release Multithreaded|x64.Build.0 = Unicode Release Multithreaded|x64
	EndGlobalSection
	GlobalSection(SolutionProperties) = preSolution
		HideSolutionNode = FALSE
	EndGlobalSection
	GlobalSection(NestedProjects) = preSolution
		{DEE56C7D-F9C8-4099-8E7E-33EB397CC2FB} = {03C49B5E-F29C-4F7E-B871-72BD6D7D4C3B}
		{787F9EBD-9E69-49D3-8C64-0A5291B3EAD1} = {AD08C587-5F73-4144-ACE9-7282169536E9}
		{D33BF019-8C21-4A71-B85F-9A7F9192E567} = {AD08C587-5F73-4144-ACE9-7282169536E9}
		{32721009-EC01-419F-BFB6-A017272B40C5} = {787F9EBD-9E69-49D3-8C64-0A5291B3EAD1}
		{FD022BEA-4F2A-417C-80A4-8ACA0797325C} = {0A74A981-4078-4E04-844E-5BCE9BDF655B}
		{1FB80BDC-D2C0-462A-A36B-3D4D5D0411E1} = {0A74A981-4078-4E04-844E-5BCE9BDF655B}
		{17B99003-A5AD-4790-99AA-9069F0FB6EB7} = {0A74A981-4078-4E04-844E-5BCE9BDF655B}
		{D7421D45-37AE-43EC-9F1F-FD8C134F23E4} = {FD022BEA-4F2A-417C-80A4-8ACA0797325C}
		{740298FC-6D58-4DE5-BF22-39895F5E9659} = {FD022BEA-4F2A-417C-80A4-8ACA0797325C}
		{2A769492-01D2-497E-B65A-5A6D497787BE} = {1FB80BDC-D2C0-462A-A36B-3D4D5D0411E1}
		{E9D0A9C4-7D9C-4EC7-9473-DD6F3398479C} = {1FB80BDC-D2C0-462A-A36B-3D4D5D0411E1}
		{5AE53C0D-126E-41F9-96C9-D58B8BEC7B85} = {1FB80BDC-D2C0-462A-A36B-3D4D5D0411E1}
		{63D2E8E2-4301-472A-BCBF-56A298D721F7} = {17B99003-A5AD-4790-99AA-9069F0FB6EB7}
		{56B5C7E1-B828-4A75-9DDD-D91E4B8FA3CA} = {17B99003-A5AD-4790-99AA-9069F0FB6EB7}
		{14DCFC93-C5F0-4BFA-8E34-B9ACA6FAD578} = {17B99003-A5AD-4790-99AA-9069F0FB6EB7}
		{AA8CDAA4-EB75-47AC-B0BB-AADF2D4B332B} = {17B99003-A5AD-4790-99AA-9069F0FB6EB7}
		{6732DC64-3857-4A8A-8A0E-0EB36EBC3063} = {17B99003-A5AD-4790-99AA-9069F0FB6EB7}
		{3228CB11-2101-4709-9737-95AE3893F1C7} = {17B99003-A5AD-4790-99AA-9069F0FB6EB7}
		{060A3B82-6468-44E0-981A-B4D35E178126} = {17B99003-A5AD-4790-99AA-9069F0FB6EB7}
		{3F74B372-9713-4223-88BC-34186EECB1CD} = {17B99003-A5AD-4790-99AA-9069F0FB6EB7}
		{1F12CE67-8B7B-42F0-9D80-9AC9CBD06AB8} = {17B99003-A5AD-4790-99AA-9069F0FB6EB7}
		{E1E1448A-99CD-4572-B63C-5707185E53F8} = {D33BF019-8C21-4A71-B85F-9A7F9192E567}
	EndGlobalSection
EndGlobal
